// !$*UTF8*$!
{
	archiveVersion = 1;
	classes = {
	};
	objectVersion = 55;
	objects = {

/* Begin PBXBuildFile section */
		BE0493AC28DDCAC600007022 /* todolist_SwiftUITests.swift in Sources */ = {isa = PBXBuildFile; fileRef = BE0493AB28DDCAC600007022 /* todolist_SwiftUITests.swift */; };
		BE0493B628DDCB3600007022 /* Realm in Frameworks */ = {isa = PBXBuildFile; productRef = BE0493B528DDCB3600007022 /* Realm */; settings = {ATTRIBUTES = (Required, ); }; };
		BE0493B828DDCB3600007022 /* RealmSwift in Frameworks */ = {isa = PBXBuildFile; productRef = BE0493B728DDCB3600007022 /* RealmSwift */; };
		BE4F3BE328E31EBF008D8BF0 /* MocDataManager.swift in Sources */ = {isa = PBXBuildFile; fileRef = BE4F3BE228E31EBF008D8BF0 /* MocDataManager.swift */; };
		BE4F3BE528E362AA008D8BF0 /* MocToDoObject.swift in Sources */ = {isa = PBXBuildFile; fileRef = BE4F3BE428E362AA008D8BF0 /* MocToDoObject.swift */; };
		BE58B9BB28E4960700F13D63 /* ViewInspector in Frameworks */ = {isa = PBXBuildFile; productRef = BE58B9BA28E4960700F13D63 /* ViewInspector */; };
		BE5EA2E728D4D56A002D5A72 /* CoreDataModel.xcdatamodeld in Sources */ = {isa = PBXBuildFile; fileRef = BE5EA2E528D4D56A002D5A72 /* CoreDataModel.xcdatamodeld */; };
		BE5EA2EA28D4D5AE002D5A72 /* CoreDataToDoObject+CoreDataClass.swift in Sources */ = {isa = PBXBuildFile; fileRef = BE5EA2E828D4D5AE002D5A72 /* CoreDataToDoObject+CoreDataClass.swift */; };
		BE5EA2EB28D4D5AE002D5A72 /* CoreDataToDoObject+CoreDataProperties.swift in Sources */ = {isa = PBXBuildFile; fileRef = BE5EA2E928D4D5AE002D5A72 /* CoreDataToDoObject+CoreDataProperties.swift */; };
		BE5EA2ED28D4ECCD002D5A72 /* UserDefaultsModel.swift in Sources */ = {isa = PBXBuildFile; fileRef = BE5EA2EC28D4ECCD002D5A72 /* UserDefaultsModel.swift */; };
		BE9B5BF328D46F1F0088486D /* RealmModel.swift in Sources */ = {isa = PBXBuildFile; fileRef = BE9B5BF228D46F1F0088486D /* RealmModel.swift */; };
		BEB855F128DCEBA6007CFB7B /* Realm in Frameworks */ = {isa = PBXBuildFile; productRef = BEB855F028DCEBA6007CFB7B /* Realm */; };
		BEB855F328DCEBA6007CFB7B /* RealmSwift in Frameworks */ = {isa = PBXBuildFile; productRef = BEB855F228DCEBA6007CFB7B /* RealmSwift */; };
		BEC25C6E28E459150070A0C3 /* todolist_UITests.swift in Sources */ = {isa = PBXBuildFile; fileRef = BEC25C6D28E459150070A0C3 /* todolist_UITests.swift */; };
		BED42F7C28D5EFB600DFBA4E /* DataManager.swift in Sources */ = {isa = PBXBuildFile; fileRef = BED42F7B28D5EFB600DFBA4E /* DataManager.swift */; };
		BED42F7E28D5F24800DFBA4E /* RealmManager.swift in Sources */ = {isa = PBXBuildFile; fileRef = BED42F7D28D5F24800DFBA4E /* RealmManager.swift */; };
		BED42F8028D5F3A500DFBA4E /* CoreDataManager.swift in Sources */ = {isa = PBXBuildFile; fileRef = BED42F7F28D5F3A500DFBA4E /* CoreDataManager.swift */; };
		BED42F8228D5F6D200DFBA4E /* UserDefaultsManager.swift in Sources */ = {isa = PBXBuildFile; fileRef = BED42F8128D5F6D200DFBA4E /* UserDefaultsManager.swift */; };
		BED42F8428D6056600DFBA4E /* ObjectProtocol.swift in Sources */ = {isa = PBXBuildFile; fileRef = BED42F8328D6056600DFBA4E /* ObjectProtocol.swift */; };
		BEEBCEAA28D44E80004AE84B /* todolist_SwiftUIApp.swift in Sources */ = {isa = PBXBuildFile; fileRef = BEEBCEA928D44E80004AE84B /* todolist_SwiftUIApp.swift */; };
		BEEBCEAE28D44E81004AE84B /* Assets.xcassets in Resources */ = {isa = PBXBuildFile; fileRef = BEEBCEAD28D44E81004AE84B /* Assets.xcassets */; };
		BEEBCEB128D44E81004AE84B /* Preview Assets.xcassets in Resources */ = {isa = PBXBuildFile; fileRef = BEEBCEB028D44E81004AE84B /* Preview Assets.xcassets */; };
		BEEBCEB928D44E9C004AE84B /* MainView.swift in Sources */ = {isa = PBXBuildFile; fileRef = BEEBCEB828D44E9C004AE84B /* MainView.swift */; };
		BEEBCEBB28D44EFD004AE84B /* MainViewModel.swift in Sources */ = {isa = PBXBuildFile; fileRef = BEEBCEBA28D44EFD004AE84B /* MainViewModel.swift */; };
/* End PBXBuildFile section */

/* Begin PBXContainerItemProxy section */
		BE0493AD28DDCAC600007022 /* PBXContainerItemProxy */ = {
			isa = PBXContainerItemProxy;
			containerPortal = BEEBCE9E28D44E80004AE84B /* Project object */;
			proxyType = 1;
			remoteGlobalIDString = BEEBCEA528D44E80004AE84B;
			remoteInfo = todolist_SwiftUI;
		};
/* End PBXContainerItemProxy section */

/* Begin PBXFileReference section */
		BE0493AB28DDCAC600007022 /* todolist_SwiftUITests.swift */ = {isa = PBXFileReference; lastKnownFileType = sourcecode.swift; path = todolist_SwiftUITests.swift; sourceTree = "<group>"; };
		BE4F3BE228E31EBF008D8BF0 /* MocDataManager.swift */ = {isa = PBXFileReference; lastKnownFileType = sourcecode.swift; path = MocDataManager.swift; sourceTree = "<group>"; };
		BE4F3BE428E362AA008D8BF0 /* MocToDoObject.swift */ = {isa = PBXFileReference; lastKnownFileType = sourcecode.swift; path = MocToDoObject.swift; sourceTree = "<group>"; };
		BE58B9B728E4958800F13D63 /* todolist_SwiftUI.app */ = {isa = PBXFileReference; explicitFileType = wrapper.application; includeInIndex = 0; path = todolist_SwiftUI.app; sourceTree = BUILT_PRODUCTS_DIR; };
		BE58B9B828E4958800F13D63 /* todolist_SwiftUITests.xctest */ = {isa = PBXFileReference; explicitFileType = wrapper.cfbundle; includeInIndex = 0; path = todolist_SwiftUITests.xctest; sourceTree = BUILT_PRODUCTS_DIR; };
		BE5EA2E628D4D56A002D5A72 /* CoreDataModel.xcdatamodel */ = {isa = PBXFileReference; lastKnownFileType = wrapper.xcdatamodel; path = CoreDataModel.xcdatamodel; sourceTree = "<group>"; };
		BE5EA2E828D4D5AE002D5A72 /* CoreDataToDoObject+CoreDataClass.swift */ = {isa = PBXFileReference; lastKnownFileType = sourcecode.swift; path = "CoreDataToDoObject+CoreDataClass.swift"; sourceTree = "<group>"; };
		BE5EA2E928D4D5AE002D5A72 /* CoreDataToDoObject+CoreDataProperties.swift */ = {isa = PBXFileReference; lastKnownFileType = sourcecode.swift; path = "CoreDataToDoObject+CoreDataProperties.swift"; sourceTree = "<group>"; };
		BE5EA2EC28D4ECCD002D5A72 /* UserDefaultsModel.swift */ = {isa = PBXFileReference; lastKnownFileType = sourcecode.swift; path = UserDefaultsModel.swift; sourceTree = "<group>"; };
		BE9B5BF228D46F1F0088486D /* RealmModel.swift */ = {isa = PBXFileReference; lastKnownFileType = sourcecode.swift; path = RealmModel.swift; sourceTree = "<group>"; };
		BEC25C6D28E459150070A0C3 /* todolist_UITests.swift */ = {isa = PBXFileReference; lastKnownFileType = sourcecode.swift; path = todolist_UITests.swift; sourceTree = "<group>"; };
		BED42F7B28D5EFB600DFBA4E /* DataManager.swift */ = {isa = PBXFileReference; lastKnownFileType = sourcecode.swift; path = DataManager.swift; sourceTree = "<group>"; };
		BED42F7D28D5F24800DFBA4E /* RealmManager.swift */ = {isa = PBXFileReference; lastKnownFileType = sourcecode.swift; path = RealmManager.swift; sourceTree = "<group>"; };
		BED42F7F28D5F3A500DFBA4E /* CoreDataManager.swift */ = {isa = PBXFileReference; lastKnownFileType = sourcecode.swift; path = CoreDataManager.swift; sourceTree = "<group>"; };
		BED42F8128D5F6D200DFBA4E /* UserDefaultsManager.swift */ = {isa = PBXFileReference; lastKnownFileType = sourcecode.swift; path = UserDefaultsManager.swift; sourceTree = "<group>"; };
		BED42F8328D6056600DFBA4E /* ObjectProtocol.swift */ = {isa = PBXFileReference; lastKnownFileType = sourcecode.swift; path = ObjectProtocol.swift; sourceTree = "<group>"; };
		BEEBCEA928D44E80004AE84B /* todolist_SwiftUIApp.swift */ = {isa = PBXFileReference; lastKnownFileType = sourcecode.swift; path = todolist_SwiftUIApp.swift; sourceTree = "<group>"; };
		BEEBCEAD28D44E81004AE84B /* Assets.xcassets */ = {isa = PBXFileReference; lastKnownFileType = folder.assetcatalog; path = Assets.xcassets; sourceTree = "<group>"; };
		BEEBCEB028D44E81004AE84B /* Preview Assets.xcassets */ = {isa = PBXFileReference; lastKnownFileType = folder.assetcatalog; path = "Preview Assets.xcassets"; sourceTree = "<group>"; };
		BEEBCEB828D44E9C004AE84B /* MainView.swift */ = {isa = PBXFileReference; lastKnownFileType = sourcecode.swift; path = MainView.swift; sourceTree = "<group>"; };
		BEEBCEBA28D44EFD004AE84B /* MainViewModel.swift */ = {isa = PBXFileReference; lastKnownFileType = sourcecode.swift; path = MainViewModel.swift; sourceTree = "<group>"; };
/* End PBXFileReference section */

/* Begin PBXFrameworksBuildPhase section */
		BE0493A628DDCAC600007022 /* Frameworks */ = {
			isa = PBXFrameworksBuildPhase;
			buildActionMask = 2147483647;
			files = (
				BE0493B828DDCB3600007022 /* RealmSwift in Frameworks */,
				BE0493B628DDCB3600007022 /* Realm in Frameworks */,
				BE58B9BB28E4960700F13D63 /* ViewInspector in Frameworks */,
			);
			runOnlyForDeploymentPostprocessing = 0;
		};
		BEEBCEA328D44E80004AE84B /* Frameworks */ = {
			isa = PBXFrameworksBuildPhase;
			buildActionMask = 2147483647;
			files = (
				BEB855F328DCEBA6007CFB7B /* RealmSwift in Frameworks */,
				BEB855F128DCEBA6007CFB7B /* Realm in Frameworks */,
			);
			runOnlyForDeploymentPostprocessing = 0;
		};
/* End PBXFrameworksBuildPhase section */

/* Begin PBXGroup section */
		BE0493A028DDCA9500007022 /* Frameworks */ = {
			isa = PBXGroup;
			children = (
			);
			name = Frameworks;
			sourceTree = "<group>";
		};
		BE0493AA28DDCAC600007022 /* todolist_SwiftUITests */ = {
			isa = PBXGroup;
			children = (
				BE0493AB28DDCAC600007022 /* todolist_SwiftUITests.swift */,
				BEC25C6D28E459150070A0C3 /* todolist_UITests.swift */,
				BE4F3BE028E31E86008D8BF0 /* Helper */,
			);
			path = todolist_SwiftUITests;
			sourceTree = "<group>";
		};
		BE4F3BE028E31E86008D8BF0 /* Helper */ = {
			isa = PBXGroup;
			children = (
				BE4F3BE228E31EBF008D8BF0 /* MocDataManager.swift */,
				BE4F3BE428E362AA008D8BF0 /* MocToDoObject.swift */,
			);
			path = Helper;
			sourceTree = "<group>";
		};
		BE4F3BE128E31EAB008D8BF0 /* DataManagerProtocol */ = {
			isa = PBXGroup;
			children = (
				BED42F7B28D5EFB600DFBA4E /* DataManager.swift */,
			);
			path = DataManagerProtocol;
			sourceTree = "<group>";
		};
		BE9B5BEB28D46E130088486D /* ViewModel */ = {
			isa = PBXGroup;
			children = (
				BEEBCEBA28D44EFD004AE84B /* MainViewModel.swift */,
			);
			path = ViewModel;
			sourceTree = "<group>";
		};
		BE9B5BF128D46F120088486D /* Model */ = {
			isa = PBXGroup;
			children = (
				BED42F8328D6056600DFBA4E /* ObjectProtocol.swift */,
				BE9B5BF228D46F1F0088486D /* RealmModel.swift */,
				BE5EA2E528D4D56A002D5A72 /* CoreDataModel.xcdatamodeld */,
				BE5EA2E828D4D5AE002D5A72 /* CoreDataToDoObject+CoreDataClass.swift */,
				BE5EA2E928D4D5AE002D5A72 /* CoreDataToDoObject+CoreDataProperties.swift */,
				BE5EA2EC28D4ECCD002D5A72 /* UserDefaultsModel.swift */,
			);
			path = Model;
			sourceTree = "<group>";
		};
		BED42F7A28D5EFA600DFBA4E /* Data Managers */ = {
			isa = PBXGroup;
			children = (
				BE4F3BE128E31EAB008D8BF0 /* DataManagerProtocol */,
				BED42F7D28D5F24800DFBA4E /* RealmManager.swift */,
				BED42F7F28D5F3A500DFBA4E /* CoreDataManager.swift */,
				BED42F8128D5F6D200DFBA4E /* UserDefaultsManager.swift */,
			);
			path = "Data Managers";
			sourceTree = "<group>";
		};
		BEEBCE9D28D44E80004AE84B = {
			isa = PBXGroup;
			children = (
				BEEBCEA828D44E80004AE84B /* todolist_SwiftUI */,
				BE0493AA28DDCAC600007022 /* todolist_SwiftUITests */,
				BE0493A028DDCA9500007022 /* Frameworks */,
				BE58B9B728E4958800F13D63 /* todolist_SwiftUI.app */,
				BE58B9B828E4958800F13D63 /* todolist_SwiftUITests.xctest */,
			);
			sourceTree = "<group>";
		};
		BEEBCEA828D44E80004AE84B /* todolist_SwiftUI */ = {
			isa = PBXGroup;
			children = (
				BEEBCEA928D44E80004AE84B /* todolist_SwiftUIApp.swift */,
				BED42F7A28D5EFA600DFBA4E /* Data Managers */,
				BE9B5BF128D46F120088486D /* Model */,
				BEEBCEB728D44E8F004AE84B /* View */,
				BE9B5BEB28D46E130088486D /* ViewModel */,
				BEEBCEAD28D44E81004AE84B /* Assets.xcassets */,
				BEEBCEAF28D44E81004AE84B /* Preview Content */,
			);
			path = todolist_SwiftUI;
			sourceTree = "<group>";
		};
		BEEBCEAF28D44E81004AE84B /* Preview Content */ = {
			isa = PBXGroup;
			children = (
				BEEBCEB028D44E81004AE84B /* Preview Assets.xcassets */,
			);
			path = "Preview Content";
			sourceTree = "<group>";
		};
		BEEBCEB728D44E8F004AE84B /* View */ = {
			isa = PBXGroup;
			children = (
				BEEBCEB828D44E9C004AE84B /* MainView.swift */,
			);
			path = View;
			sourceTree = "<group>";
		};
/* End PBXGroup section */

/* Begin PBXNativeTarget section */
		BE0493A828DDCAC600007022 /* todolist_SwiftUITests */ = {
			isa = PBXNativeTarget;
			buildConfigurationList = BE0493AF28DDCAC600007022 /* Build configuration list for PBXNativeTarget "todolist_SwiftUITests" */;
			buildPhases = (
				BE0493A528DDCAC600007022 /* Sources */,
				BE0493A628DDCAC600007022 /* Frameworks */,
				BE0493A728DDCAC600007022 /* Resources */,
			);
			buildRules = (
			);
			dependencies = (
				BE0493AE28DDCAC600007022 /* PBXTargetDependency */,
			);
			name = todolist_SwiftUITests;
			packageProductDependencies = (
				BE0493B528DDCB3600007022 /* Realm */,
				BE0493B728DDCB3600007022 /* RealmSwift */,
				BE58B9BA28E4960700F13D63 /* ViewInspector */,
			);
			productName = todolist_SwiftUITests;
			productReference = BE58B9B828E4958800F13D63 /* todolist_SwiftUITests.xctest */;
			productType = "com.apple.product-type.bundle.unit-test";
		};
		BEEBCEA528D44E80004AE84B /* todolist_SwiftUI */ = {
			isa = PBXNativeTarget;
			buildConfigurationList = BEEBCEB428D44E81004AE84B /* Build configuration list for PBXNativeTarget "todolist_SwiftUI" */;
			buildPhases = (
				BEEBCEA228D44E80004AE84B /* Sources */,
				BEEBCEA328D44E80004AE84B /* Frameworks */,
				BEEBCEA428D44E80004AE84B /* Resources */,
				BEB8560328DCEED3007CFB7B /* ShellScript */,
			);
			buildRules = (
			);
			dependencies = (
			);
			name = todolist_SwiftUI;
			packageProductDependencies = (
				BEB855F028DCEBA6007CFB7B /* Realm */,
				BEB855F228DCEBA6007CFB7B /* RealmSwift */,
			);
			productName = todolist_SwiftUI;
			productReference = BE58B9B728E4958800F13D63 /* todolist_SwiftUI.app */;
			productType = "com.apple.product-type.application";
		};
/* End PBXNativeTarget section */

/* Begin PBXProject section */
		BEEBCE9E28D44E80004AE84B /* Project object */ = {
			isa = PBXProject;
			attributes = {
				BuildIndependentTargetsInParallel = 1;
				LastSwiftUpdateCheck = 1400;
				LastUpgradeCheck = 1400;
				TargetAttributes = {
					BE0493A828DDCAC600007022 = {
						CreatedOnToolsVersion = 14.0;
						TestTargetID = BEEBCEA528D44E80004AE84B;
					};
					BEEBCEA528D44E80004AE84B = {
						CreatedOnToolsVersion = 14.0;
					};
				};
			};
			buildConfigurationList = BEEBCEA128D44E80004AE84B /* Build configuration list for PBXProject "todolist_SwiftUI" */;
			compatibilityVersion = "Xcode 13.0";
			developmentRegion = en;
			hasScannedForEncodings = 0;
			knownRegions = (
				en,
				Base,
			);
			mainGroup = BEEBCE9D28D44E80004AE84B;
			packageReferences = (
				BEB855EF28DCEBA6007CFB7B /* XCRemoteSwiftPackageReference "realm-swift" */,
				BE58B9B928E4960700F13D63 /* XCRemoteSwiftPackageReference "ViewInspector" */,
			);
			productRefGroup = BEEBCE9D28D44E80004AE84B;
			projectDirPath = "";
			projectRoot = "";
			targets = (
				BEEBCEA528D44E80004AE84B /* todolist_SwiftUI */,
				BE0493A828DDCAC600007022 /* todolist_SwiftUITests */,
			);
		};
/* End PBXProject section */

/* Begin PBXResourcesBuildPhase section */
		BE0493A728DDCAC600007022 /* Resources */ = {
			isa = PBXResourcesBuildPhase;
			buildActionMask = 2147483647;
			files = (
			);
			runOnlyForDeploymentPostprocessing = 0;
		};
		BEEBCEA428D44E80004AE84B /* Resources */ = {
			isa = PBXResourcesBuildPhase;
			buildActionMask = 2147483647;
			files = (
				BEEBCEB128D44E81004AE84B /* Preview Assets.xcassets in Resources */,
				BEEBCEAE28D44E81004AE84B /* Assets.xcassets in Resources */,
			);
			runOnlyForDeploymentPostprocessing = 0;
		};
/* End PBXResourcesBuildPhase section */

/* Begin PBXShellScriptBuildPhase section */
		BEB8560328DCEED3007CFB7B /* ShellScript */ = {
			isa = PBXShellScriptBuildPhase;
			buildActionMask = 2147483647;
			files = (
			);
			inputFileListPaths = (
			);
			inputPaths = (
			);
			outputFileListPaths = (
			);
			outputPaths = (
			);
			runOnlyForDeploymentPostprocessing = 0;
			shellPath = "/Users/stasbezhan/Library/Developer/Xcode/DerivedData/todolist_SwiftUI-edwhhjuuyjhcpagoczwkqqkcgzom/SourcePackages/checkouts/realm-swift/build.sh";
			shellScript = "# Type a script or drag a script file from your workspace to insert its path.\n";
		};
/* End PBXShellScriptBuildPhase section */

/* Begin PBXSourcesBuildPhase section */
		BE0493A528DDCAC600007022 /* Sources */ = {
			isa = PBXSourcesBuildPhase;
			buildActionMask = 2147483647;
			files = (
				BE4F3BE528E362AA008D8BF0 /* MocToDoObject.swift in Sources */,
				BE0493AC28DDCAC600007022 /* todolist_SwiftUITests.swift in Sources */,
				BE4F3BE328E31EBF008D8BF0 /* MocDataManager.swift in Sources */,
				BEC25C6E28E459150070A0C3 /* todolist_UITests.swift in Sources */,
			);
			runOnlyForDeploymentPostprocessing = 0;
		};
		BEEBCEA228D44E80004AE84B /* Sources */ = {
			isa = PBXSourcesBuildPhase;
			buildActionMask = 2147483647;
			files = (
				BEEBCEBB28D44EFD004AE84B /* MainViewModel.swift in Sources */,
				BE5EA2EB28D4D5AE002D5A72 /* CoreDataToDoObject+CoreDataProperties.swift in Sources */,
				BE5EA2EA28D4D5AE002D5A72 /* CoreDataToDoObject+CoreDataClass.swift in Sources */,
				BE5EA2E728D4D56A002D5A72 /* CoreDataModel.xcdatamodeld in Sources */,
				BED42F7E28D5F24800DFBA4E /* RealmManager.swift in Sources */,
				BEEBCEB928D44E9C004AE84B /* MainView.swift in Sources */,
				BED42F8028D5F3A500DFBA4E /* CoreDataManager.swift in Sources */,
				BED42F7C28D5EFB600DFBA4E /* DataManager.swift in Sources */,
				BE9B5BF328D46F1F0088486D /* RealmModel.swift in Sources */,
				BED42F8228D5F6D200DFBA4E /* UserDefaultsManager.swift in Sources */,
				BEEBCEAA28D44E80004AE84B /* todolist_SwiftUIApp.swift in Sources */,
				BE5EA2ED28D4ECCD002D5A72 /* UserDefaultsModel.swift in Sources */,
				BED42F8428D6056600DFBA4E /* ObjectProtocol.swift in Sources */,
			);
			runOnlyForDeploymentPostprocessing = 0;
		};
/* End PBXSourcesBuildPhase section */

/* Begin PBXTargetDependency section */
		BE0493AE28DDCAC600007022 /* PBXTargetDependency */ = {
			isa = PBXTargetDependency;
			target = BEEBCEA528D44E80004AE84B /* todolist_SwiftUI */;
			targetProxy = BE0493AD28DDCAC600007022 /* PBXContainerItemProxy */;
		};
/* End PBXTargetDependency section */

/* Begin XCBuildConfiguration section */
		BE0493B028DDCAC600007022 /* Debug */ = {
			isa = XCBuildConfiguration;
			buildSettings = {
				BUNDLE_LOADER = "$(TEST_HOST)";
				CODE_SIGN_STYLE = Automatic;
				CURRENT_PROJECT_VERSION = 1;
				DEVELOPMENT_TEAM = 9FL5FRNFVL;
				GENERATE_INFOPLIST_FILE = YES;
				IPHONEOS_DEPLOYMENT_TARGET = 16.0;
				MARKETING_VERSION = 1.0;
				PRODUCT_BUNDLE_IDENTIFIER = "sdox.com.todolist-SwiftUITests";
				PRODUCT_NAME = "$(TARGET_NAME)";
				SWIFT_EMIT_LOC_STRINGS = NO;
				SWIFT_VERSION = 5.0;
				TARGETED_DEVICE_FAMILY = "1,2";
				TEST_HOST = "$(BUILT_PRODUCTS_DIR)/todolist_SwiftUI.app/$(BUNDLE_EXECUTABLE_FOLDER_PATH)/todolist_SwiftUI";
			};
			name = Debug;
		};
		BE0493B128DDCAC600007022 /* Release */ = {
			isa = XCBuildConfiguration;
			buildSettings = {
				BUNDLE_LOADER = "$(TEST_HOST)";
				CODE_SIGN_STYLE = Automatic;
				CURRENT_PROJECT_VERSION = 1;
				DEVELOPMENT_TEAM = 9FL5FRNFVL;
				GENERATE_INFOPLIST_FILE = YES;
				IPHONEOS_DEPLOYMENT_TARGET = 16.0;
				MARKETING_VERSION = 1.0;
				PRODUCT_BUNDLE_IDENTIFIER = "sdox.com.todolist-SwiftUITests";
				PRODUCT_NAME = "$(TARGET_NAME)";
				SWIFT_EMIT_LOC_STRINGS = NO;
				SWIFT_VERSION = 5.0;
				TARGETED_DEVICE_FAMILY = "1,2";
				TEST_HOST = "$(BUILT_PRODUCTS_DIR)/todolist_SwiftUI.app/$(BUNDLE_EXECUTABLE_FOLDER_PATH)/todolist_SwiftUI";
			};
			name = Release;
		};
		BEEBCEB228D44E81004AE84B /* Debug */ = {
			isa = XCBuildConfiguration;
			buildSettings = {
				ALWAYS_SEARCH_USER_PATHS = NO;
				CLANG_ANALYZER_NONNULL = YES;
				CLANG_ANALYZER_NUMBER_OBJECT_CONVERSION = YES_AGGRESSIVE;
				CLANG_CXX_LANGUAGE_STANDARD = "gnu++20";
				CLANG_ENABLE_MODULES = YES;
				CLANG_ENABLE_OBJC_ARC = YES;
				CLANG_ENABLE_OBJC_WEAK = YES;
				CLANG_WARN_BLOCK_CAPTURE_AUTORELEASING = YES;
				CLANG_WARN_BOOL_CONVERSION = YES;
				CLANG_WARN_COMMA = YES;
				CLANG_WARN_CONSTANT_CONVERSION = YES;
				CLANG_WARN_DEPRECATED_OBJC_IMPLEMENTATIONS = YES;
				CLANG_WARN_DIRECT_OBJC_ISA_USAGE = YES_ERROR;
				CLANG_WARN_DOCUMENTATION_COMMENTS = YES;
				CLANG_WARN_EMPTY_BODY = YES;
				CLANG_WARN_ENUM_CONVERSION = YES;
				CLANG_WARN_INFINITE_RECURSION = YES;
				CLANG_WARN_INT_CONVERSION = YES;
				CLANG_WARN_NON_LITERAL_NULL_CONVERSION = YES;
				CLANG_WARN_OBJC_IMPLICIT_RETAIN_SELF = YES;
				CLANG_WARN_OBJC_LITERAL_CONVERSION = YES;
				CLANG_WARN_OBJC_ROOT_CLASS = YES_ERROR;
				CLANG_WARN_QUOTED_INCLUDE_IN_FRAMEWORK_HEADER = YES;
				CLANG_WARN_RANGE_LOOP_ANALYSIS = YES;
				CLANG_WARN_STRICT_PROTOTYPES = YES;
				CLANG_WARN_SUSPICIOUS_MOVE = YES;
				CLANG_WARN_UNGUARDED_AVAILABILITY = YES_AGGRESSIVE;
				CLANG_WARN_UNREACHABLE_CODE = YES;
				CLANG_WARN__DUPLICATE_METHOD_MATCH = YES;
				COPY_PHASE_STRIP = NO;
				DEBUG_INFORMATION_FORMAT = dwarf;
				ENABLE_STRICT_OBJC_MSGSEND = YES;
				ENABLE_TESTABILITY = YES;
				ENABLE_TESTING_SEARCH_PATHS = YES;
				GCC_C_LANGUAGE_STANDARD = gnu11;
				GCC_DYNAMIC_NO_PIC = NO;
				GCC_NO_COMMON_BLOCKS = YES;
				GCC_OPTIMIZATION_LEVEL = 0;
				GCC_PREPROCESSOR_DEFINITIONS = (
					"DEBUG=1",
					"$(inherited)",
				);
				GCC_WARN_64_TO_32_BIT_CONVERSION = YES;
				GCC_WARN_ABOUT_RETURN_TYPE = YES_ERROR;
				GCC_WARN_UNDECLARED_SELECTOR = YES;
				GCC_WARN_UNINITIALIZED_AUTOS = YES_AGGRESSIVE;
				GCC_WARN_UNUSED_FUNCTION = YES;
				GCC_WARN_UNUSED_VARIABLE = YES;
				IPHONEOS_DEPLOYMENT_TARGET = 15.0;
				MTL_ENABLE_DEBUG_INFO = INCLUDE_SOURCE;
				MTL_FAST_MATH = YES;
				ONLY_ACTIVE_ARCH = YES;
				SDKROOT = iphoneos;
				SWIFT_ACTIVE_COMPILATION_CONDITIONS = DEBUG;
				SWIFT_OPTIMIZATION_LEVEL = "-Onone";
			};
			name = Debug;
		};
		BEEBCEB328D44E81004AE84B /* Release */ = {
			isa = XCBuildConfiguration;
			buildSettings = {
				ALWAYS_SEARCH_USER_PATHS = NO;
				CLANG_ANALYZER_NONNULL = YES;
				CLANG_ANALYZER_NUMBER_OBJECT_CONVERSION = YES_AGGRESSIVE;
				CLANG_CXX_LANGUAGE_STANDARD = "gnu++20";
				CLANG_ENABLE_MODULES = YES;
				CLANG_ENABLE_OBJC_ARC = YES;
				CLANG_ENABLE_OBJC_WEAK = YES;
				CLANG_WARN_BLOCK_CAPTURE_AUTORELEASING = YES;
				CLANG_WARN_BOOL_CONVERSION = YES;
				CLANG_WARN_COMMA = YES;
				CLANG_WARN_CONSTANT_CONVERSION = YES;
				CLANG_WARN_DEPRECATED_OBJC_IMPLEMENTATIONS = YES;
				CLANG_WARN_DIRECT_OBJC_ISA_USAGE = YES_ERROR;
				CLANG_WARN_DOCUMENTATION_COMMENTS = YES;
				CLANG_WARN_EMPTY_BODY = YES;
				CLANG_WARN_ENUM_CONVERSION = YES;
				CLANG_WARN_INFINITE_RECURSION = YES;
				CLANG_WARN_INT_CONVERSION = YES;
				CLANG_WARN_NON_LITERAL_NULL_CONVERSION = YES;
				CLANG_WARN_OBJC_IMPLICIT_RETAIN_SELF = YES;
				CLANG_WARN_OBJC_LITERAL_CONVERSION = YES;
				CLANG_WARN_OBJC_ROOT_CLASS = YES_ERROR;
				CLANG_WARN_QUOTED_INCLUDE_IN_FRAMEWORK_HEADER = YES;
				CLANG_WARN_RANGE_LOOP_ANALYSIS = YES;
				CLANG_WARN_STRICT_PROTOTYPES = YES;
				CLANG_WARN_SUSPICIOUS_MOVE = YES;
				CLANG_WARN_UNGUARDED_AVAILABILITY = YES_AGGRESSIVE;
				CLANG_WARN_UNREACHABLE_CODE = YES;
				CLANG_WARN__DUPLICATE_METHOD_MATCH = YES;
				COPY_PHASE_STRIP = NO;
				DEBUG_INFORMATION_FORMAT = "dwarf-with-dsym";
				ENABLE_NS_ASSERTIONS = NO;
				ENABLE_STRICT_OBJC_MSGSEND = YES;
				ENABLE_TESTING_SEARCH_PATHS = YES;
				GCC_C_LANGUAGE_STANDARD = gnu11;
				GCC_NO_COMMON_BLOCKS = YES;
				GCC_WARN_64_TO_32_BIT_CONVERSION = YES;
				GCC_WARN_ABOUT_RETURN_TYPE = YES_ERROR;
				GCC_WARN_UNDECLARED_SELECTOR = YES;
				GCC_WARN_UNINITIALIZED_AUTOS = YES_AGGRESSIVE;
				GCC_WARN_UNUSED_FUNCTION = YES;
				GCC_WARN_UNUSED_VARIABLE = YES;
				IPHONEOS_DEPLOYMENT_TARGET = 15.0;
				MTL_ENABLE_DEBUG_INFO = NO;
				MTL_FAST_MATH = YES;
				SDKROOT = iphoneos;
				SWIFT_COMPILATION_MODE = wholemodule;
				SWIFT_OPTIMIZATION_LEVEL = "-O";
				VALIDATE_PRODUCT = YES;
			};
			name = Release;
		};
		BEEBCEB528D44E81004AE84B /* Debug */ = {
			isa = XCBuildConfiguration;
			buildSettings = {
				ASSETCATALOG_COMPILER_APPICON_NAME = AppIcon;
				ASSETCATALOG_COMPILER_GLOBAL_ACCENT_COLOR_NAME = AccentColor;
				CODE_SIGN_STYLE = Automatic;
				CURRENT_PROJECT_VERSION = 1;
				DEVELOPMENT_ASSET_PATHS = "\"todolist_SwiftUI/Preview Content\"";
				DEVELOPMENT_TEAM = 9FL5FRNFVL;
				ENABLE_PREVIEWS = YES;
				FRAMEWORK_SEARCH_PATHS = "";
				GENERATE_INFOPLIST_FILE = YES;
				INFOPLIST_KEY_UIApplicationSceneManifest_Generation = YES;
				INFOPLIST_KEY_UIApplicationSupportsIndirectInputEvents = YES;
				INFOPLIST_KEY_UILaunchScreen_Generation = YES;
				INFOPLIST_KEY_UISupportedInterfaceOrientations = UIInterfaceOrientationPortrait;
				INFOPLIST_KEY_UISupportedInterfaceOrientations_iPad = "UIInterfaceOrientationLandscapeLeft UIInterfaceOrientationLandscapeRight UIInterfaceOrientationPortrait UIInterfaceOrientationPortraitUpsideDown";
				IPHONEOS_DEPLOYMENT_TARGET = 15.0;
				LD_RUNPATH_SEARCH_PATHS = (
					"$(inherited)",
					"@executable_path/Frameworks",
				);
				MARKETING_VERSION = 1.0;
				PRODUCT_BUNDLE_IDENTIFIER = "sdox.com.todolist-SwiftUI";
				PRODUCT_NAME = "$(TARGET_NAME)";
				SUPPORTED_PLATFORMS = "iphoneos iphonesimulator";
				SUPPORTS_MACCATALYST = NO;
				SUPPORTS_MAC_DESIGNED_FOR_IPHONE_IPAD = NO;
				SWIFT_EMIT_LOC_STRINGS = YES;
				SWIFT_VERSION = 5.0;
				TARGETED_DEVICE_FAMILY = 1;
			};
			name = Debug;
		};
		BEEBCEB628D44E81004AE84B /* Release */ = {
			isa = XCBuildConfiguration;
			buildSettings = {
				ASSETCATALOG_COMPILER_APPICON_NAME = AppIcon;
				ASSETCATALOG_COMPILER_GLOBAL_ACCENT_COLOR_NAME = AccentColor;
				CODE_SIGN_STYLE = Automatic;
				CURRENT_PROJECT_VERSION = 1;
				DEVELOPMENT_ASSET_PATHS = "\"todolist_SwiftUI/Preview Content\"";
				DEVELOPMENT_TEAM = 9FL5FRNFVL;
				ENABLE_PREVIEWS = YES;
				FRAMEWORK_SEARCH_PATHS = "";
				GENERATE_INFOPLIST_FILE = YES;
				INFOPLIST_KEY_UIApplicationSceneManifest_Generation = YES;
				INFOPLIST_KEY_UIApplicationSupportsIndirectInputEvents = YES;
				INFOPLIST_KEY_UILaunchScreen_Generation = YES;
				INFOPLIST_KEY_UISupportedInterfaceOrientations = UIInterfaceOrientationPortrait;
				INFOPLIST_KEY_UISupportedInterfaceOrientations_iPad = "UIInterfaceOrientationLandscapeLeft UIInterfaceOrientationLandscapeRight UIInterfaceOrientationPortrait UIInterfaceOrientationPortraitUpsideDown";
				IPHONEOS_DEPLOYMENT_TARGET = 15.0;
				LD_RUNPATH_SEARCH_PATHS = (
					"$(inherited)",
					"@executable_path/Frameworks",
				);
				MARKETING_VERSION = 1.0;
				PRODUCT_BUNDLE_IDENTIFIER = "sdox.com.todolist-SwiftUI";
				PRODUCT_NAME = "$(TARGET_NAME)";
				SUPPORTED_PLATFORMS = "iphoneos iphonesimulator";
				SUPPORTS_MACCATALYST = NO;
				SUPPORTS_MAC_DESIGNED_FOR_IPHONE_IPAD = NO;
				SWIFT_EMIT_LOC_STRINGS = YES;
				SWIFT_VERSION = 5.0;
				TARGETED_DEVICE_FAMILY = 1;
			};
			name = Release;
		};
/* End XCBuildConfiguration section */

/* Begin XCConfigurationList section */
		BE0493AF28DDCAC600007022 /* Build configuration list for PBXNativeTarget "todolist_SwiftUITests" */ = {
			isa = XCConfigurationList;
			buildConfigurations = (
				BE0493B028DDCAC600007022 /* Debug */,
				BE0493B128DDCAC600007022 /* Release */,
			);
			defaultConfigurationIsVisible = 0;
			defaultConfigurationName = Debug;
		};
		BEEBCEA128D44E80004AE84B /* Build configuration list for PBXProject "todolist_SwiftUI" */ = {
			isa = XCConfigurationList;
			buildConfigurations = (
				BEEBCEB228D44E81004AE84B /* Debug */,
				BEEBCEB328D44E81004AE84B /* Release */,
			);
			defaultConfigurationIsVisible = 0;
			defaultConfigurationName = Debug;
		};
		BEEBCEB428D44E81004AE84B /* Build configuration list for PBXNativeTarget "todolist_SwiftUI" */ = {
			isa = XCConfigurationList;
			buildConfigurations = (
				BEEBCEB528D44E81004AE84B /* Debug */,
				BEEBCEB628D44E81004AE84B /* Release */,
			);
			defaultConfigurationIsVisible = 0;
			defaultConfigurationName = Debug;
		};
/* End XCConfigurationList section */

/* Begin XCRemoteSwiftPackageReference section */
		BE58B9B928E4960700F13D63 /* XCRemoteSwiftPackageReference "ViewInspector" */ = {
			isa = XCRemoteSwiftPackageReference;
			repositoryURL = "https://github.com/nalexn/ViewInspector.git";
			requirement = {
				kind = upToNextMajorVersion;
				minimumVersion = 0.9.2;
			};
		};
		BEB855EF28DCEBA6007CFB7B /* XCRemoteSwiftPackageReference "realm-swift" */ = {
			isa = XCRemoteSwiftPackageReference;
			repositoryURL = "https://github.com/realm/realm-swift.git";
			requirement = {
				branch = master;
				kind = branch;
			};
		};
/* End XCRemoteSwiftPackageReference section */

/* Begin XCSwiftPackageProductDependency section */
		BE0493B528DDCB3600007022 /* Realm */ = {
			isa = XCSwiftPackageProductDependency;
			package = BEB855EF28DCEBA6007CFB7B /* XCRemoteSwiftPackageReference "realm-swift" */;
			productName = Realm;
		};
		BE0493B728DDCB3600007022 /* RealmSwift */ = {
			isa = XCSwiftPackageProductDependency;
			package = BEB855EF28DCEBA6007CFB7B /* XCRemoteSwiftPackageReference "realm-swift" */;
			productName = RealmSwift;
		};
		BE58B9BA28E4960700F13D63 /* ViewInspector */ = {
			isa = XCSwiftPackageProductDependency;
			package = BE58B9B928E4960700F13D63 /* XCRemoteSwiftPackageReference "ViewInspector" */;
			productName = ViewInspector;
		};
		BEB855F028DCEBA6007CFB7B /* Realm */ = {
			isa = XCSwiftPackageProductDependency;
			package = BEB855EF28DCEBA6007CFB7B /* XCRemoteSwiftPackageReference "realm-swift" */;
			productName = Realm;
		};
		BEB855F228DCEBA6007CFB7B /* RealmSwift */ = {
			isa = XCSwiftPackageProductDependency;
			package = BEB855EF28DCEBA6007CFB7B /* XCRemoteSwiftPackageReference "realm-swift" */;
			productName = RealmSwift;
		};
/* End XCSwiftPackageProductDependency section */

/* Begin XCVersionGroup section */
		BE5EA2E528D4D56A002D5A72 /* CoreDataModel.xcdatamodeld */ = {
			isa = XCVersionGroup;
			children = (
				BE5EA2E628D4D56A002D5A72 /* CoreDataModel.xcdatamodel */,
			);
			currentVersion = BE5EA2E628D4D56A002D5A72 /* CoreDataModel.xcdatamodel */;
			path = CoreDataModel.xcdatamodeld;
			sourceTree = "<group>";
			versionGroupType = wrapper.xcdatamodel;
		};
/* End XCVersionGroup section */
	};
	rootObject = BEEBCE9E28D44E80004AE84B /* Project object */;
}
